// !$*UTF8*$!
{
	archiveVersion = 1;
	classes = {
	};
	objectVersion = 50;
	objects = {

/* Begin PBXBuildFile section */
		901251BB25D1B81400320600 /* AppDelegate.swift in Sources */ = {isa = PBXBuildFile; fileRef = 901251BA25D1B81400320600 /* AppDelegate.swift */; };
		901251BD25D1B81400320600 /* SceneDelegate.swift in Sources */ = {isa = PBXBuildFile; fileRef = 901251BC25D1B81400320600 /* SceneDelegate.swift */; };
		901251BF25D1B81400320600 /* ViewController.swift in Sources */ = {isa = PBXBuildFile; fileRef = 901251BE25D1B81400320600 /* ViewController.swift */; };
		901251C225D1B81400320600 /* Main.storyboard in Resources */ = {isa = PBXBuildFile; fileRef = 901251C025D1B81400320600 /* Main.storyboard */; };
		901251C425D1B81700320600 /* Assets.xcassets in Resources */ = {isa = PBXBuildFile; fileRef = 901251C325D1B81700320600 /* Assets.xcassets */; };
		901251C725D1B81700320600 /* LaunchScreen.storyboard in Resources */ = {isa = PBXBuildFile; fileRef = 901251C525D1B81700320600 /* LaunchScreen.storyboard */; };
		901251D225D1B81700320600 /* FlixTests.swift in Sources */ = {isa = PBXBuildFile; fileRef = 901251D125D1B81700320600 /* FlixTests.swift */; };
		901251DD25D1B81700320600 /* FlixUITests.swift in Sources */ = {isa = PBXBuildFile; fileRef = 901251DC25D1B81700320600 /* FlixUITests.swift */; };
		901251EE25D1BA1D00320600 /* MoviesViewController.swift in Sources */ = {isa = PBXBuildFile; fileRef = 901251ED25D1BA1D00320600 /* MoviesViewController.swift */; };
/* End PBXBuildFile section */

/* Begin PBXContainerItemProxy section */
		901251CE25D1B81700320600 /* PBXContainerItemProxy */ = {
			isa = PBXContainerItemProxy;
			containerPortal = 901251AF25D1B81400320600 /* Project object */;
			proxyType = 1;
			remoteGlobalIDString = 901251B625D1B81400320600;
			remoteInfo = Flix;
		};
		901251D925D1B81700320600 /* PBXContainerItemProxy */ = {
			isa = PBXContainerItemProxy;
			containerPortal = 901251AF25D1B81400320600 /* Project object */;
			proxyType = 1;
			remoteGlobalIDString = 901251B625D1B81400320600;
			remoteInfo = Flix;
		};
/* End PBXContainerItemProxy section */

/* Begin PBXFileReference section */
		901251B725D1B81400320600 /* Flix.app */ = {isa = PBXFileReference; explicitFileType = wrapper.application; includeInIndex = 0; path = Flix.app; sourceTree = BUILT_PRODUCTS_DIR; };
		901251BA25D1B81400320600 /* AppDelegate.swift */ = {isa = PBXFileReference; lastKnownFileType = sourcecode.swift; path = AppDelegate.swift; sourceTree = "<group>"; };
		901251BC25D1B81400320600 /* SceneDelegate.swift */ = {isa = PBXFileReference; lastKnownFileType = sourcecode.swift; path = SceneDelegate.swift; sourceTree = "<group>"; };
		901251BE25D1B81400320600 /* ViewController.swift */ = {isa = PBXFileReference; lastKnownFileType = sourcecode.swift; path = ViewController.swift; sourceTree = "<group>"; };
		901251C125D1B81400320600 /* Base */ = {isa = PBXFileReference; lastKnownFileType = file.storyboard; name = Base; path = Base.lproj/Main.storyboard; sourceTree = "<group>"; };
		901251C325D1B81700320600 /* Assets.xcassets */ = {isa = PBXFileReference; lastKnownFileType = folder.assetcatalog; path = Assets.xcassets; sourceTree = "<group>"; };
		901251C625D1B81700320600 /* Base */ = {isa = PBXFileReference; lastKnownFileType = file.storyboard; name = Base; path = Base.lproj/LaunchScreen.storyboard; sourceTree = "<group>"; };
		901251C825D1B81700320600 /* Info.plist */ = {isa = PBXFileReference; lastKnownFileType = text.plist.xml; path = Info.plist; sourceTree = "<group>"; };
		901251CD25D1B81700320600 /* FlixTests.xctest */ = {isa = PBXFileReference; explicitFileType = wrapper.cfbundle; includeInIndex = 0; path = FlixTests.xctest; sourceTree = BUILT_PRODUCTS_DIR; };
		901251D125D1B81700320600 /* FlixTests.swift */ = {isa = PBXFileReference; lastKnownFileType = sourcecode.swift; path = FlixTests.swift; sourceTree = "<group>"; };
		901251D325D1B81700320600 /* Info.plist */ = {isa = PBXFileReference; lastKnownFileType = text.plist.xml; path = Info.plist; sourceTree = "<group>"; };
		901251D825D1B81700320600 /* FlixUITests.xctest */ = {isa = PBXFileReference; explicitFileType = wrapper.cfbundle; includeInIndex = 0; path = FlixUITests.xctest; sourceTree = BUILT_PRODUCTS_DIR; };
		901251DC25D1B81700320600 /* FlixUITests.swift */ = {isa = PBXFileReference; lastKnownFileType = sourcecode.swift; path = FlixUITests.swift; sourceTree = "<group>"; };
		901251DE25D1B81700320600 /* Info.plist */ = {isa = PBXFileReference; lastKnownFileType = text.plist.xml; path = Info.plist; sourceTree = "<group>"; };
		901251ED25D1BA1D00320600 /* MoviesViewController.swift */ = {isa = PBXFileReference; lastKnownFileType = sourcecode.swift; path = MoviesViewController.swift; sourceTree = "<group>"; };
/* End PBXFileReference section */

/* Begin PBXFrameworksBuildPhase section */
		901251B425D1B81400320600 /* Frameworks */ = {
			isa = PBXFrameworksBuildPhase;
			buildActionMask = 2147483647;
			files = (
			);
			runOnlyForDeploymentPostprocessing = 0;
		};
		901251CA25D1B81700320600 /* Frameworks */ = {
			isa = PBXFrameworksBuildPhase;
			buildActionMask = 2147483647;
			files = (
			);
			runOnlyForDeploymentPostprocessing = 0;
		};
		901251D525D1B81700320600 /* Frameworks */ = {
			isa = PBXFrameworksBuildPhase;
			buildActionMask = 2147483647;
			files = (
			);
			runOnlyForDeploymentPostprocessing = 0;
		};
/* End PBXFrameworksBuildPhase section */

/* Begin PBXGroup section */
		901251AE25D1B81400320600 = {
			isa = PBXGroup;
			children = (
				901251B925D1B81400320600 /* Flix */,
				901251D025D1B81700320600 /* FlixTests */,
				901251DB25D1B81700320600 /* FlixUITests */,
				901251B825D1B81400320600 /* Products */,
			);
			sourceTree = "<group>";
		};
		901251B825D1B81400320600 /* Products */ = {
			isa = PBXGroup;
			children = (
				901251B725D1B81400320600 /* Flix.app */,
				901251CD25D1B81700320600 /* FlixTests.xctest */,
				901251D825D1B81700320600 /* FlixUITests.xctest */,
			);
			name = Products;
			sourceTree = "<group>";
		};
		901251B925D1B81400320600 /* Flix */ = {
			isa = PBXGroup;
			children = (
				901251BA25D1B81400320600 /* AppDelegate.swift */,
				901251BC25D1B81400320600 /* SceneDelegate.swift */,
				901251BE25D1B81400320600 /* ViewController.swift */,
				901251C025D1B81400320600 /* Main.storyboard */,
				901251ED25D1BA1D00320600 /* MoviesViewController.swift */,
				901251C325D1B81700320600 /* Assets.xcassets */,
				901251C525D1B81700320600 /* LaunchScreen.storyboard */,
				901251C825D1B81700320600 /* Info.plist */,
			);
			path = Flix;
			sourceTree = "<group>";
		};
		901251D025D1B81700320600 /* FlixTests */ = {
			isa = PBXGroup;
			children = (
				901251D125D1B81700320600 /* FlixTests.swift */,
				901251D325D1B81700320600 /* Info.plist */,
			);
			path = FlixTests;
			sourceTree = "<group>";
		};
		901251DB25D1B81700320600 /* FlixUITests */ = {
			isa = PBXGroup;
			children = (
				901251DC25D1B81700320600 /* FlixUITests.swift */,
				901251DE25D1B81700320600 /* Info.plist */,
			);
			path = FlixUITests;
			sourceTree = "<group>";
		};
/* End PBXGroup section */

/* Begin PBXNativeTarget section */
		901251B625D1B81400320600 /* Flix */ = {
			isa = PBXNativeTarget;
			buildConfigurationList = 901251E125D1B81700320600 /* Build configuration list for PBXNativeTarget "Flix" */;
			buildPhases = (
				901251B325D1B81400320600 /* Sources */,
				901251B425D1B81400320600 /* Frameworks */,
				901251B525D1B81400320600 /* Resources */,
			);
			buildRules = (
			);
			dependencies = (
			);
			name = Flix;
			productName = Flix;
			productReference = 901251B725D1B81400320600 /* Flix.app */;
			productType = "com.apple.product-type.application";
		};
		901251CC25D1B81700320600 /* FlixTests */ = {
			isa = PBXNativeTarget;
			buildConfigurationList = 901251E425D1B81700320600 /* Build configuration list for PBXNativeTarget "FlixTests" */;
			buildPhases = (
				901251C925D1B81700320600 /* Sources */,
				901251CA25D1B81700320600 /* Frameworks */,
				901251CB25D1B81700320600 /* Resources */,
			);
			buildRules = (
			);
			dependencies = (
				901251CF25D1B81700320600 /* PBXTargetDependency */,
			);
			name = FlixTests;
			productName = FlixTests;
			productReference = 901251CD25D1B81700320600 /* FlixTests.xctest */;
			productType = "com.apple.product-type.bundle.unit-test";
		};
		901251D725D1B81700320600 /* FlixUITests */ = {
			isa = PBXNativeTarget;
			buildConfigurationList = 901251E725D1B81700320600 /* Build configuration list for PBXNativeTarget "FlixUITests" */;
			buildPhases = (
				901251D425D1B81700320600 /* Sources */,
				901251D525D1B81700320600 /* Frameworks */,
				901251D625D1B81700320600 /* Resources */,
			);
			buildRules = (
			);
			dependencies = (
				901251DA25D1B81700320600 /* PBXTargetDependency */,
			);
			name = FlixUITests;
			productName = FlixUITests;
			productReference = 901251D825D1B81700320600 /* FlixUITests.xctest */;
			productType = "com.apple.product-type.bundle.ui-testing";
		};
/* End PBXNativeTarget section */

/* Begin PBXProject section */
		901251AF25D1B81400320600 /* Project object */ = {
			isa = PBXProject;
			attributes = {
				LastSwiftUpdateCheck = 1240;
				LastUpgradeCheck = 1240;
				TargetAttributes = {
					901251B625D1B81400320600 = {
						CreatedOnToolsVersion = 12.4;
					};
					901251CC25D1B81700320600 = {
						CreatedOnToolsVersion = 12.4;
						TestTargetID = 901251B625D1B81400320600;
					};
					901251D725D1B81700320600 = {
						CreatedOnToolsVersion = 12.4;
						TestTargetID = 901251B625D1B81400320600;
					};
				};
			};
			buildConfigurationList = 901251B225D1B81400320600 /* Build configuration list for PBXProject "Flix" */;
			compatibilityVersion = "Xcode 9.3";
			developmentRegion = en;
			hasScannedForEncodings = 0;
			knownRegions = (
				en,
				Base,
			);
			mainGroup = 901251AE25D1B81400320600;
			productRefGroup = 901251B825D1B81400320600 /* Products */;
			projectDirPath = "";
			projectRoot = "";
			targets = (
				901251B625D1B81400320600 /* Flix */,
				901251CC25D1B81700320600 /* FlixTests */,
				901251D725D1B81700320600 /* FlixUITests */,
			);
		};
/* End PBXProject section */

/* Begin PBXResourcesBuildPhase section */
		901251B525D1B81400320600 /* Resources */ = {
			isa = PBXResourcesBuildPhase;
			buildActionMask = 2147483647;
			files = (
				901251C725D1B81700320600 /* LaunchScreen.storyboard in Resources */,
				901251C425D1B81700320600 /* Assets.xcassets in Resources */,
				901251C225D1B81400320600 /* Main.storyboard in Resources */,
			);
			runOnlyForDeploymentPostprocessing = 0;
		};
		901251CB25D1B81700320600 /* Resources */ = {
			isa = PBXResourcesBuildPhase;
			buildActionMask = 2147483647;
			files = (
			);
			runOnlyForDeploymentPostprocessing = 0;
		};
		901251D625D1B81700320600 /* Resources */ = {
			isa = PBXResourcesBuildPhase;
			buildActionMask = 2147483647;
			files = (
			);
			runOnlyForDeploymentPostprocessing = 0;
		};
/* End PBXResourcesBuildPhase section */

/* Begin PBXSourcesBuildPhase section */
		901251B325D1B81400320600 /* Sources */ = {
			isa = PBXSourcesBuildPhase;
			buildActionMask = 2147483647;
			files = (
				901251BF25D1B81400320600 /* ViewController.swift in Sources */,
				901251BB25D1B81400320600 /* AppDelegate.swift in Sources */,
				901251BD25D1B81400320600 /* SceneDelegate.swift in Sources */,
				901251EE25D1BA1D00320600 /* MoviesViewController.swift in Sources */,
			);
			runOnlyForDeploymentPostprocessing = 0;
		};
		901251C925D1B81700320600 /* Sources */ = {
			isa = PBXSourcesBuildPhase;
			buildActionMask = 2147483647;
			files = (
				901251D225D1B81700320600 /* FlixTests.swift in Sources */,
			);
			runOnlyForDeploymentPostprocessing = 0;
		};
		901251D425D1B81700320600 /* Sources */ = {
			isa = PBXSourcesBuildPhase;
			buildActionMask = 2147483647;
			files = (
				901251DD25D1B81700320600 /* FlixUITests.swift in Sources */,
			);
			runOnlyForDeploymentPostprocessing = 0;
		};
/* End PBXSourcesBuildPhase section */

/* Begin PBXTargetDependency section */
		901251CF25D1B81700320600 /* PBXTargetDependency */ = {
			isa = PBXTargetDependency;
			target = 901251B625D1B81400320600 /* Flix */;
			targetProxy = 901251CE25D1B81700320600 /* PBXContainerItemProxy */;
		};
		901251DA25D1B81700320600 /* PBXTargetDependency */ = {
			isa = PBXTargetDependency;
			target = 901251B625D1B81400320600 /* Flix */;
			targetProxy = 901251D925D1B81700320600 /* PBXContainerItemProxy */;
		};
/* End PBXTargetDependency section */

/* Begin PBXVariantGroup section */
		901251C025D1B81400320600 /* Main.storyboard */ = {
			isa = PBXVariantGroup;
			children = (
				901251C125D1B81400320600 /* Base */,
			);
			name = Main.storyboard;
			sourceTree = "<group>";
		};
		901251C525D1B81700320600 /* LaunchScreen.storyboard */ = {
			isa = PBXVariantGroup;
			children = (
				901251C625D1B81700320600 /* Base */,
			);
			name = LaunchScreen.storyboard;
			sourceTree = "<group>";
		};
/* End PBXVariantGroup section */

/* Begin XCBuildConfiguration section */
		901251DF25D1B81700320600 /* Debug */ = {
			isa = XCBuildConfiguration;
			buildSettings = {
				ALWAYS_SEARCH_USER_PATHS = NO;
				CLANG_ANALYZER_NONNULL = YES;
				CLANG_ANALYZER_NUMBER_OBJECT_CONVERSION = YES_AGGRESSIVE;
				CLANG_CXX_LANGUAGE_STANDARD = "gnu++14";
				CLANG_CXX_LIBRARY = "libc++";
				CLANG_ENABLE_MODULES = YES;
				CLANG_ENABLE_OBJC_ARC = YES;
				CLANG_ENABLE_OBJC_WEAK = YES;
				CLANG_WARN_BLOCK_CAPTURE_AUTORELEASING = YES;
				CLANG_WARN_BOOL_CONVERSION = YES;
				CLANG_WARN_COMMA = YES;
				CLANG_WARN_CONSTANT_CONVERSION = YES;
				CLANG_WARN_DEPRECATED_OBJC_IMPLEMENTATIONS = YES;
				CLANG_WARN_DIRECT_OBJC_ISA_USAGE = YES_ERROR;
				CLANG_WARN_DOCUMENTATION_COMMENTS = YES;
				CLANG_WARN_EMPTY_BODY = YES;
				CLANG_WARN_ENUM_CONVERSION = YES;
				CLANG_WARN_INFINITE_RECURSION = YES;
				CLANG_WARN_INT_CONVERSION = YES;
				CLANG_WARN_NON_LITERAL_NULL_CONVERSION = YES;
				CLANG_WARN_OBJC_IMPLICIT_RETAIN_SELF = YES;
				CLANG_WARN_OBJC_LITERAL_CONVERSION = YES;
				CLANG_WARN_OBJC_ROOT_CLASS = YES_ERROR;
				CLANG_WARN_QUOTED_INCLUDE_IN_FRAMEWORK_HEADER = YES;
				CLANG_WARN_RANGE_LOOP_ANALYSIS = YES;
				CLANG_WARN_STRICT_PROTOTYPES = YES;
				CLANG_WARN_SUSPICIOUS_MOVE = YES;
				CLANG_WARN_UNGUARDED_AVAILABILITY = YES_AGGRESSIVE;
				CLANG_WARN_UNREACHABLE_CODE = YES;
				CLANG_WARN__DUPLICATE_METHOD_MATCH = YES;
				COPY_PHASE_STRIP = NO;
				DEBUG_INFORMATION_FORMAT = dwarf;
				ENABLE_STRICT_OBJC_MSGSEND = YES;
				ENABLE_TESTABILITY = YES;
				GCC_C_LANGUAGE_STANDARD = gnu11;
				GCC_DYNAMIC_NO_PIC = NO;
				GCC_NO_COMMON_BLOCKS = YES;
				GCC_OPTIMIZATION_LEVEL = 0;
				GCC_PREPROCESSOR_DEFINITIONS = (
					"DEBUG=1",
					"$(inherited)",
				);
				GCC_WARN_64_TO_32_BIT_CONVERSION = YES;
				GCC_WARN_ABOUT_RETURN_TYPE = YES_ERROR;
				GCC_WARN_UNDECLARED_SELECTOR = YES;
				GCC_WARN_UNINITIALIZED_AUTOS = YES_AGGRESSIVE;
				GCC_WARN_UNUSED_FUNCTION = YES;
				GCC_WARN_UNUSED_VARIABLE = YES;
				IPHONEOS_DEPLOYMENT_TARGET = 14.4;
				MTL_ENABLE_DEBUG_INFO = INCLUDE_SOURCE;
				MTL_FAST_MATH = YES;
				ONLY_ACTIVE_ARCH = YES;
				SDKROOT = iphoneos;
				SWIFT_ACTIVE_COMPILATION_CONDITIONS = DEBUG;
				SWIFT_OPTIMIZATION_LEVEL = "-Onone";
			};
			name = Debug;
		};
		901251E025D1B81700320600 /* Release */ = {
			isa = XCBuildConfiguration;
			buildSettings = {
				ALWAYS_SEARCH_USER_PATHS = NO;
				CLANG_ANALYZER_NONNULL = YES;
				CLANG_ANALYZER_NUMBER_OBJECT_CONVERSION = YES_AGGRESSIVE;
				CLANG_CXX_LANGUAGE_STANDARD = "gnu++14";
				CLANG_CXX_LIBRARY = "libc++";
				CLANG_ENABLE_MODULES = YES;
				CLANG_ENABLE_OBJC_ARC = YES;
				CLANG_ENABLE_OBJC_WEAK = YES;
				CLANG_WARN_BLOCK_CAPTURE_AUTORELEASING = YES;
				CLANG_WARN_BOOL_CONVERSION = YES;
				CLANG_WARN_COMMA = YES;
				CLANG_WARN_CONSTANT_CONVERSION = YES;
				CLANG_WARN_DEPRECATED_OBJC_IMPLEMENTATIONS = YES;
				CLANG_WARN_DIRECT_OBJC_ISA_USAGE = YES_ERROR;
				CLANG_WARN_DOCUMENTATION_COMMENTS = YES;
				CLANG_WARN_EMPTY_BODY = YES;
				CLANG_WARN_ENUM_CONVERSION = YES;
				CLANG_WARN_INFINITE_RECURSION = YES;
				CLANG_WARN_INT_CONVERSION = YES;
				CLANG_WARN_NON_LITERAL_NULL_CONVERSION = YES;
				CLANG_WARN_OBJC_IMPLICIT_RETAIN_SELF = YES;
				CLANG_WARN_OBJC_LITERAL_CONVERSION = YES;
				CLANG_WARN_OBJC_ROOT_CLASS = YES_ERROR;
				CLANG_WARN_QUOTED_INCLUDE_IN_FRAMEWORK_HEADER = YES;
				CLANG_WARN_RANGE_LOOP_ANALYSIS = YES;
				CLANG_WARN_STRICT_PROTOTYPES = YES;
				CLANG_WARN_SUSPICIOUS_MOVE = YES;
				CLANG_WARN_UNGUARDED_AVAILABILITY = YES_AGGRESSIVE;
				CLANG_WARN_UNREACHABLE_CODE = YES;
				CLANG_WARN__DUPLICATE_METHOD_MATCH = YES;
				COPY_PHASE_STRIP = NO;
				DEBUG_INFORMATION_FORMAT = "dwarf-with-dsym";
				ENABLE_NS_ASSERTIONS = NO;
				ENABLE_STRICT_OBJC_MSGSEND = YES;
				GCC_C_LANGUAGE_STANDARD = gnu11;
				GCC_NO_COMMON_BLOCKS = YES;
				GCC_WARN_64_TO_32_BIT_CONVERSION = YES;
				GCC_WARN_ABOUT_RETURN_TYPE = YES_ERROR;
				GCC_WARN_UNDECLARED_SELECTOR = YES;
				GCC_WARN_UNINITIALIZED_AUTOS = YES_AGGRESSIVE;
				GCC_WARN_UNUSED_FUNCTION = YES;
				GCC_WARN_UNUSED_VARIABLE = YES;
				IPHONEOS_DEPLOYMENT_TARGET = 14.4;
				MTL_ENABLE_DEBUG_INFO = NO;
				MTL_FAST_MATH = YES;
				SDKROOT = iphoneos;
				SWIFT_COMPILATION_MODE = wholemodule;
				SWIFT_OPTIMIZATION_LEVEL = "-O";
				VALIDATE_PRODUCT = YES;
			};
			name = Release;
		};
		901251E225D1B81700320600 /* Debug */ = {
			isa = XCBuildConfiguration;
			buildSettings = {
				ASSETCATALOG_COMPILER_APPICON_NAME = AppIcon;
				ASSETCATALOG_COMPILER_GLOBAL_ACCENT_COLOR_NAME = AccentColor;
				CODE_SIGN_STYLE = Automatic;
				INFOPLIST_FILE = Flix/Info.plist;
				LD_RUNPATH_SEARCH_PATHS = (
					"$(inherited)",
					"@executable_path/Frameworks",
				);
				PRODUCT_BUNDLE_IDENTIFIER = "CSCI-402.Flix";
				PRODUCT_NAME = "$(TARGET_NAME)";
				SWIFT_VERSION = 5.0;
				TARGETED_DEVICE_FAMILY = "1,2";
			};
			name = Debug;
		};
		901251E325D1B81700320600 /* Release */ = {
			isa = XCBuildConfiguration;
			buildSettings = {
				ASSETCATALOG_COMPILER_APPICON_NAME = AppIcon;
				ASSETCATALOG_COMPILER_GLOBAL_ACCENT_COLOR_NAME = AccentColor;
				CODE_SIGN_STYLE = Automatic;
				INFOPLIST_FILE = Flix/Info.plist;
				LD_RUNPATH_SEARCH_PATHS = (
					"$(inherited)",
					"@executable_path/Frameworks",
				);
				PRODUCT_BUNDLE_IDENTIFIER = "CSCI-402.Flix";
				PRODUCT_NAME = "$(TARGET_NAME)";
				SWIFT_VERSION = 5.0;
				TARGETED_DEVICE_FAMILY = "1,2";
			};
			name = Release;
		};
		901251E525D1B81700320600 /* Debug */ = {
			isa = XCBuildConfiguration;
			buildSettings = {
				ALWAYS_EMBED_SWIFT_STANDARD_LIBRARIES = YES;
				BUNDLE_LOADER = "$(TEST_HOST)";
				CODE_SIGN_STYLE = Automatic;
				INFOPLIST_FILE = FlixTests/Info.plist;
				IPHONEOS_DEPLOYMENT_TARGET = 14.4;
				LD_RUNPATH_SEARCH_PATHS = (
					"$(inherited)",
					"@executable_path/Frameworks",
					"@loader_path/Frameworks",
				);
				PRODUCT_BUNDLE_IDENTIFIER = "CSCI-402.FlixTests";
				PRODUCT_NAME = "$(TARGET_NAME)";
				SWIFT_VERSION = 5.0;
				TARGETED_DEVICE_FAMILY = "1,2";
				TEST_HOST = "$(BUILT_PRODUCTS_DIR)/Flix.app/Flix";
			};
			name = Debug;
		};
		901251E625D1B81700320600 /* Release */ = {
			isa = XCBuildConfiguration;
			buildSettings = {
				ALWAYS_EMBED_SWIFT_STANDARD_LIBRARIES = YES;
				BUNDLE_LOADER = "$(TEST_HOST)";
				CODE_SIGN_STYLE = Automatic;
				INFOPLIST_FILE = FlixTests/Info.plist;
				IPHONEOS_DEPLOYMENT_TARGET = 14.4;
				LD_RUNPATH_SEARCH_PATHS = (
					"$(inherited)",
					"@executable_path/Frameworks",
					"@loader_path/Frameworks",
				);
				PRODUCT_BUNDLE_IDENTIFIER = "CSCI-402.FlixTests";
				PRODUCT_NAME = "$(TARGET_NAME)";
				SWIFT_VERSION = 5.0;
				TARGETED_DEVICE_FAMILY = "1,2";
				TEST_HOST = "$(BUILT_PRODUCTS_DIR)/Flix.app/Flix";
			};
			name = Release;
		};
		901251E825D1B81700320600 /* Debug */ = {
			isa = XCBuildConfiguration;
			buildSettings = {
				ALWAYS_EMBED_SWIFT_STANDARD_LIBRARIES = YES;
				CODE_SIGN_STYLE = Automatic;
				INFOPLIST_FILE = FlixUITests/Info.plist;
				LD_RUNPATH_SEARCH_PATHS = (
					"$(inherited)",
					"@executable_path/Frameworks",
					"@loader_path/Frameworks",
				);
				PRODUCT_BUNDLE_IDENTIFIER = "CSCI-402.FlixUITests";
				PRODUCT_NAME = "$(TARGET_NAME)";
				SWIFT_VERSION = 5.0;
				TARGETED_DEVICE_FAMILY = "1,2";
				TEST_TARGET_NAME = Flix;
			};
			name = Debug;
		};
		901251E925D1B81700320600 /* Release */ = {
			isa = XCBuildConfiguration;
			buildSettings = {
				ALWAYS_EMBED_SWIFT_STANDARD_LIBRARIES = YES;
				CODE_SIGN_STYLE = Automatic;
				INFOPLIST_FILE = FlixUITests/Info.plist;
				LD_RUNPATH_SEARCH_PATHS = (
					"$(inherited)",
					"@executable_path/Frameworks",
					"@loader_path/Frameworks",
				);
				PRODUCT_BUNDLE_IDENTIFIER = "CSCI-402.FlixUITests";
				PRODUCT_NAME = "$(TARGET_NAME)";
				SWIFT_VERSION = 5.0;
				TARGETED_DEVICE_FAMILY = "1,2";
				TEST_TARGET_NAME = Flix;
			};
			name = Release;
		};
/* End XCBuildConfiguration section */

/* Begin XCConfigurationList section */
		901251B225D1B81400320600 /* Build configuration list for PBXProject "Flix" */ = {
			isa = XCConfigurationList;
			buildConfigurations = (
				901251DF25D1B81700320600 /* Debug */,
				901251E025D1B81700320600 /* Release */,
			);
			defaultConfigurationIsVisible = 0;
			defaultConfigurationName = Release;
		};
		901251E125D1B81700320600 /* Build configuration list for PBXNativeTarget "Flix" */ = {
			isa = XCConfigurationList;
			buildConfigurations = (
				901251E225D1B81700320600 /* Debug */,
				901251E325D1B81700320600 /* Release */,
			);
			defaultConfigurationIsVisible = 0;
			defaultConfigurationName = Release;
		};
		901251E425D1B81700320600 /* Build configuration list for PBXNativeTarget "FlixTests" */ = {
			isa = XCConfigurationList;
			buildConfigurations = (
				901251E525D1B81700320600 /* Debug */,
				901251E625D1B81700320600 /* Release */,
			);
			defaultConfigurationIsVisible = 0;
			defaultConfigurationName = Release;
		};
		901251E725D1B81700320600 /* Build configuration list for PBXNativeTarget "FlixUITests" */ = {
			isa = XCConfigurationList;
			buildConfigurations = (
				901251E825D1B81700320600 /* Debug */,
				901251E925D1B81700320600 /* Release */,
			);
			defaultConfigurationIsVisible = 0;
			defaultConfigurationName = Release;
		};
/* End XCConfigurationList section */
	};
	rootObject = 901251AF25D1B81400320600 /* Project object */;
}
